
Microsoft Visual Studio Solution File, Format Version 12.00
# Visual Studio Version 17
VisualStudioVersion = 17.7.34202.233
MinimumVisualStudioVersion = 10.0.40219.1
Project("{FAE04EC0-301F-11D3-BF4B-00C04F79EFBC}") = "KursMetelkinPyramRubik", "KursMetelkinPyramRubik.csproj", "{F4D6B18C-1560-43BF-B8C2-350D5DD24637}"
EndProject
Global
	GlobalSection(SolutionConfigurationPlatforms) = preSolution
		Debug|Any CPU = Debug|Any CPU
		Release|Any CPU = Release|Any CPU
	EndGlobalSection
	GlobalSection(ProjectConfigurationPlatforms) = postSolution
		{F4D6B18C-1560-43BF-B8C2-350D5DD24637}.Debug|Any CPU.ActiveCfg = Debug|Any CPU
		{F4D6B18C-1560-43BF-B8C2-350D5DD24637}.Debug|Any CPU.Build.0 = Debug|Any CPU
		{F4D6B18C-1560-43BF-B8C2-350D5DD24637}.Release|Any CPU.ActiveCfg = Release|Any CPU
		{F4D6B18C-1560-43BF-B8C2-350D5DD24637}.Release|Any CPU.Build.0 = Release|Any CPU
	EndGlobalSection
	GlobalSection(SolutionProperties) = preSolution
		HideSolutionNode = FALSE
	EndGlobalSection
	GlobalSection(ExtensibilityGlobals) = postSolution
		SolutionGuid = {467C6195-E0C6-4379-BFCA-3B7573E9ABB6}
	EndGlobalSection
EndGlobal
